// !$*UTF8*$!
{
	archiveVersion = 1;
	classes = {
	};
	objectVersion = 46;
	objects = {

/* Begin PBXBuildFile section */
		2D5748621DC19A90000B68CE /* main.m in Sources */ = {isa = PBXBuildFile; fileRef = 2D5748611DC19A90000B68CE /* main.m */; };
		2D5748651DC19A90000B68CE /* AppDelegate.m in Sources */ = {isa = PBXBuildFile; fileRef = 2D5748641DC19A90000B68CE /* AppDelegate.m */; };
		2D5748681DC19A90000B68CE /* ViewController.m in Sources */ = {isa = PBXBuildFile; fileRef = 2D5748671DC19A90000B68CE /* ViewController.m */; };
		2D57486B1DC19A90000B68CE /* Main.storyboard in Resources */ = {isa = PBXBuildFile; fileRef = 2D5748691DC19A90000B68CE /* Main.storyboard */; };
		2D57486D1DC19A90000B68CE /* Assets.xcassets in Resources */ = {isa = PBXBuildFile; fileRef = 2D57486C1DC19A90000B68CE /* Assets.xcassets */; };
		2D5748701DC19A90000B68CE /* LaunchScreen.storyboard in Resources */ = {isa = PBXBuildFile; fileRef = 2D57486E1DC19A90000B68CE /* LaunchScreen.storyboard */; };
/* End PBXBuildFile section */

/* Begin PBXFileReference section */
		2D57485D1DC19A90000B68CE /* Dialog.app */ = {isa = PBXFileReference; explicitFileType = wrapper.application; includeInIndex = 0; path = Dialog.app; sourceTree = BUILT_PRODUCTS_DIR; };
		2D5748611DC19A90000B68CE /* main.m */ = {isa = PBXFileReference; lastKnownFileType = sourcecode.c.objc; path = main.m; sourceTree = "<group>"; };
		2D5748631DC19A90000B68CE /* AppDelegate.h */ = {isa = PBXFileReference; lastKnownFileType = sourcecode.c.h; path = AppDelegate.h; sourceTree = "<group>"; };
		2D5748641DC19A90000B68CE /* AppDelegate.m */ = {isa = PBXFileReference; lastKnownFileType = sourcecode.c.objc; path = AppDelegate.m; sourceTree = "<group>"; };
		2D5748661DC19A90000B68CE /* ViewController.h */ = {isa = PBXFileReference; lastKnownFileType = sourcecode.c.h; path = ViewController.h; sourceTree = "<group>"; };
		2D5748671DC19A90000B68CE /* ViewController.m */ = {isa = PBXFileReference; lastKnownFileType = sourcecode.c.objc; path = ViewController.m; sourceTree = "<group>"; };
		2D57486A1DC19A90000B68CE /* Base */ = {isa = PBXFileReference; lastKnownFileType = file.storyboard; name = Base; path = Base.lproj/Main.storyboard; sourceTree = "<group>"; };
		2D57486C1DC19A90000B68CE /* Assets.xcassets */ = {isa = PBXFileReference; lastKnownFileType = folder.assetcatalog; path = Assets.xcassets; sourceTree = "<group>"; };
		2D57486F1DC19A90000B68CE /* Base */ = {isa = PBXFileReference; lastKnownFileType = file.storyboard; name = Base; path = Base.lproj/LaunchScreen.storyboard; sourceTree = "<group>"; };
		2D5748711DC19A90000B68CE /* Info.plist */ = {isa = PBXFileReference; lastKnownFileType = text.plist.xml; path = Info.plist; sourceTree = "<group>"; };
/* End PBXFileReference section */

/* Begin PBXFrameworksBuildPhase section */
		2D57485A1DC19A90000B68CE /* Frameworks */ = {
			isa = PBXFrameworksBuildPhase;
			buildActionMask = 2147483647;
			files = (
			);
			runOnlyForDeploymentPostprocessing = 0;
		};
/* End PBXFrameworksBuildPhase section */

/* Begin PBXGroup section */
		2D5748541DC19A90000B68CE = {
			isa = PBXGroup;
			children = (
				2D57485F1DC19A90000B68CE /* Dialog */,
				2D57485E1DC19A90000B68CE /* Products */,
			);
			sourceTree = "<group>";
		};
		2D57485E1DC19A90000B68CE /* Products */ = {
			isa = PBXGroup;
			children = (
				2D57485D1DC19A90000B68CE /* Dialog.app */,
			);
			name = Products;
			sourceTree = "<group>";
		};
		2D57485F1DC19A90000B68CE /* Dialog */ = {
			isa = PBXGroup;
			children = (
				2D5748631DC19A90000B68CE /* AppDelegate.h */,
				2D5748641DC19A90000B68CE /* AppDelegate.m */,
				2D5748661DC19A90000B68CE /* ViewController.h */,
				2D5748671DC19A90000B68CE /* ViewController.m */,
				2D5748691DC19A90000B68CE /* Main.storyboard */,
				2D57486C1DC19A90000B68CE /* Assets.xcassets */,
				2D57486E1DC19A90000B68CE /* LaunchScreen.storyboard */,
				2D5748711DC19A90000B68CE /* Info.plist */,
				2D5748601DC19A90000B68CE /* Supporting Files */,
			);
			path = Dialog;
			sourceTree = "<group>";
		};
		2D5748601DC19A90000B68CE /* Supporting Files */ = {
			isa = PBXGroup;
			children = (
				2D5748611DC19A90000B68CE /* main.m */,
			);
			name = "Supporting Files";
			sourceTree = "<group>";
		};
/* End PBXGroup section */

/* Begin PBXNativeTarget section */
		2D57485C1DC19A90000B68CE /* Dialog */ = {
			isa = PBXNativeTarget;
			buildConfigurationList = 2D5748741DC19A90000B68CE /* Build configuration list for PBXNativeTarget "Dialog" */;
			buildPhases = (
				2D5748591DC19A90000B68CE /* Sources */,
				2D57485A1DC19A90000B68CE /* Frameworks */,
				2D57485B1DC19A90000B68CE /* Resources */,
			);
			buildRules = (
			);
			dependencies = (
			);
			name = Dialog;
			productName = Dialog;
			productReference = 2D57485D1DC19A90000B68CE /* Dialog.app */;
			productType = "com.apple.product-type.application";
		};
/* End PBXNativeTarget section */

/* Begin PBXProject section */
		2D5748551DC19A90000B68CE /* Project object */ = {
			isa = PBXProject;
			attributes = {
				LastUpgradeCheck = 0800;
				ORGANIZATIONNAME = "黄海";
				TargetAttributes = {
					2D57485C1DC19A90000B68CE = {
						CreatedOnToolsVersion = 8.0;
						ProvisioningStyle = Automatic;
					};
				};
			};
			buildConfigurationList = 2D5748581DC19A90000B68CE /* Build configuration list for PBXProject "Dialog" */;
			compatibilityVersion = "Xcode 3.2";
			developmentRegion = English;
			hasScannedForEncodings = 0;
			knownRegions = (
				en,
				Base,
			);
			mainGroup = 2D5748541DC19A90000B68CE;
			productRefGroup = 2D57485E1DC19A90000B68CE /* Products */;
			projectDirPath = "";
			projectRoot = "";
			targets = (
				2D57485C1DC19A90000B68CE /* Dialog */,
			);
		};
/* End PBXProject section */

/* Begin PBXResourcesBuildPhase section */
		2D57485B1DC19A90000B68CE /* Resources */ = {
			isa = PBXResourcesBuildPhase;
			buildActionMask = 2147483647;
			files = (
				2D5748701DC19A90000B68CE /* LaunchScreen.storyboard in Resources */,
				2D57486D1DC19A90000B68CE /* Assets.xcassets in Resources */,
				2D57486B1DC19A90000B68CE /* Main.storyboard in Resources */,
			);
			runOnlyForDeploymentPostprocessing = 0;
		};
/* End PBXResourcesBuildPhase section */

/* Begin PBXSourcesBuildPhase section */
		2D5748591DC19A90000B68CE /* Sources */ = {
			isa = PBXSourcesBuildPhase;
			buildActionMask = 2147483647;
			files = (
				2D5748681DC19A90000B68CE /* ViewController.m in Sources */,
				2D5748651DC19A90000B68CE /* AppDelegate.m in Sources */,
				2D5748621DC19A90000B68CE /* main.m in Sources */,
			);
			runOnlyForDeploymentPostprocessing = 0;
		};
/* End PBXSourcesBuildPhase section */

/* Begin PBXVariantGroup section */
		2D5748691DC19A90000B68CE /* Main.storyboard */ = {
			isa = PBXVariantGroup;
			children = (
				2D57486A1DC19A90000B68CE /* Base */,
			);
			name = Main.storyboard;
			sourceTree = "<group>";
		};
		2D57486E1DC19A90000B68CE /* LaunchScreen.storyboard */ = {
			isa = PBXVariantGroup;
			children = (
				2D57486F1DC19A90000B68CE /* Base */,
			);
			name = LaunchScreen.storyboard;
			sourceTree = "<group>";
		};
/* End PBXVariantGroup section */

/* Begin XCBuildConfiguration section */
		2D5748721DC19A90000B68CE /* Debug */ = {
			isa = XCBuildConfiguration;
			buildSettings = {
				ALWAYS_SEARCH_USER_PATHS = NO;
				CLANG_ANALYZER_NONNULL = YES;
				CLANG_CXX_LANGUAGE_STANDARD = "gnu++0x";
				CLANG_CXX_LIBRARY = "libc++";
				CLANG_ENABLE_MODULES = YES;
				CLANG_ENABLE_OBJC_ARC = YES;
				CLANG_WARN_BOOL_CONVERSION = YES;
				CLANG_WARN_CONSTANT_CONVERSION = YES;
				CLANG_WARN_DIRECT_OBJC_ISA_USAGE = YES_ERROR;
				CLANG_WARN_DOCUMENTATION_COMMENTS = YES;
				CLANG_WARN_EMPTY_BODY = YES;
				CLANG_WARN_ENUM_CONVERSION = YES;
				CLANG_WARN_INFINITE_RECURSION = YES;
				CLANG_WARN_INT_CONVERSION = YES;
				CLANG_WARN_OBJC_ROOT_CLASS = YES_ERROR;
				CLANG_WARN_SUSPICIOUS_MOVES = YES;
				CLANG_WARN_UNREACHABLE_CODE = YES;
				CLANG_WARN__DUPLICATE_METHOD_MATCH = YES;
				"CODE_SIGN_IDENTITY[sdk=iphoneos*]" = "iPhone Developer";
				COPY_PHASE_STRIP = NO;
				DEBUG_INFORMATION_FORMAT = dwarf;
				ENABLE_STRICT_OBJC_MSGSEND = YES;
				ENABLE_TESTABILITY = YES;
				GCC_C_LANGUAGE_STANDARD = gnu99;
				GCC_DYNAMIC_NO_PIC = NO;
				GCC_NO_COMMON_BLOCKS = YES;
				GCC_OPTIMIZATION_LEVEL = 0;
				GCC_PREPROCESSOR_DEFINITIONS = (
					"DEBUG=1",
					"$(inherited)",
				);
				GCC_WARN_64_TO_32_BIT_CONVERSION = YES;
				GCC_WARN_ABOUT_RETURN_TYPE = YES_ERROR;
				GCC_WARN_UNDECLARED_SELECTOR = YES;
				GCC_WARN_UNINITIALIZED_AUTOS = YES_AGGRESSIVE;
				GCC_WARN_UNUSED_FUNCTION = YES;
				GCC_WARN_UNUSED_VARIABLE = YES;
				IPHONEOS_DEPLOYMENT_TARGET = 10.0;
				MTL_ENABLE_DEBUG_INFO = YES;
				ONLY_ACTIVE_ARCH = YES;
				SDKROOT = iphoneos;
			};
			name = Debug;
		};
		2D5748731DC19A90000B68CE /* Release */ = {
			isa = XCBuildConfiguration;
			buildSettings = {
				ALWAYS_SEARCH_USER_PATHS = NO;
				CLANG_ANALYZER_NONNULL = YES;
				CLANG_CXX_LANGUAGE_STANDARD = "gnu++0x";
				CLANG_CXX_LIBRARY = "libc++";
				CLANG_ENABLE_MODULES = YES;
				CLANG_ENABLE_OBJC_ARC = YES;
				CLANG_WARN_BOOL_CONVERSION = YES;
				CLANG_WARN_CONSTANT_CONVERSION = YES;
				CLANG_WARN_DIRECT_OBJC_ISA_USAGE = YES_ERROR;
				CLANG_WARN_DOCUMENTATION_COMMENTS = YES;
				CLANG_WARN_EMPTY_BODY = YES;
				CLANG_WARN_ENUM_CONVERSION = YES;
				CLANG_WARN_INFINITE_RECURSION = YES;
				CLANG_WARN_INT_CONVERSION = YES;
				CLANG_WARN_OBJC_ROOT_CLASS = YES_ERROR;
				CLANG_WARN_SUSPICIOUS_MOVES = YES;
				CLANG_WARN_UNREACHABLE_CODE = YES;
				CLANG_WARN__DUPLICATE_METHOD_MATCH = YES;
				"CODE_SIGN_IDENTITY[sdk=iphoneos*]" = "iPhone Developer";
				COPY_PHASE_STRIP = NO;
				DEBUG_INFORMATION_FORMAT = "dwarf-with-dsym";
				ENABLE_NS_ASSERTIONS = NO;
				ENABLE_STRICT_OBJC_MSGSEND = YES;
				GCC_C_LANGUAGE_STANDARD = gnu99;
				GCC_NO_COMMON_BLOCKS = YES;
				GCC_WARN_64_TO_32_BIT_CONVERSION = YES;
				GCC_WARN_ABOUT_RETURN_TYPE = YES_ERROR;
				GCC_WARN_UNDECLARED_SELECTOR = YES;
				GCC_WARN_UNINITIALIZED_AUTOS = YES_AGGRESSIVE;
				GCC_WARN_UNUSED_FUNCTION = YES;
				GCC_WARN_UNUSED_VARIABLE = YES;
				IPHONEOS_DEPLOYMENT_TARGET = 10.0;
				MTL_ENABLE_DEBUG_INFO = NO;
				SDKROOT = iphoneos;
				VALIDATE_PRODUCT = YES;
			};
			name = Release;
		};
		2D5748751DC19A90000B68CE /* Debug */ = {
			isa = XCBuildConfiguration;
			buildSettings = {
				ASSETCATALOG_COMPILER_APPICON_NAME = AppIcon;
				INFOPLIST_FILE = Dialog/Info.plist;
				LD_RUNPATH_SEARCH_PATHS = "$(inherited) @executable_path/Frameworks";
				PRODUCT_BUNDLE_IDENTIFIER = com.68coder.Dialog;
				PRODUCT_NAME = "$(TARGET_NAME)";
			};
			name = Debug;
		};
		2D5748761DC19A90000B68CE /* Release */ = {
			isa = XCBuildConfiguration;
			buildSettings = {
				ASSETCATALOG_COMPILER_APPICON_NAME = AppIcon;
				INFOPLIST_FILE = Dialog/Info.plist;
				LD_RUNPATH_SEARCH_PATHS = "$(inherited) @executable_path/Frameworks";
				PRODUCT_BUNDLE_IDENTIFIER = com.68coder.Dialog;
				PRODUCT_NAME = "$(TARGET_NAME)";
			};
			name = Release;
		};
/* End XCBuildConfiguration section */

/* Begin XCConfigurationList section */
		2D5748581DC19A90000B68CE /* Build configuration list for PBXProject "Dialog" */ = {
			isa = XCConfigurationList;
			buildConfigurations = (
				2D5748721DC19A90000B68CE /* Debug */,
				2D5748731DC19A90000B68CE /* Release */,
			);
			defaultConfigurationIsVisible = 0;
			defaultConfigurationName = Release;
		};
		2D5748741DC19A90000B68CE /* Build configuration list for PBXNativeTarget "Dialog" */ = {
			isa = XCConfigurationList;
			buildConfigurations = (
				2D5748751DC19A90000B68CE /* Debug */,
				2D5748761DC19A90000B68CE /* Release */,
			);
			defaultConfigurationIsVisible = 0;
		};
/* End XCConfigurationList section */
	};
	rootObject = 2D5748551DC19A90000B68CE /* Project object */;
}
